
Microsoft Visual Studio Solution File, Format Version 12.00
# Visual Studio 15
VisualStudioVersion = 15.0.28307.421
MinimumVisualStudioVersion = 10.0.40219.1
Project("{FAE04EC0-301F-11D3-BF4B-00C04F79EFBC}") = "OOPCSharp", "OOPCSharp\OOPCSharp.csproj", "{CED8F73D-19BF-4E69-8951-472868232739}"
EndProject
Global
	GlobalSection(SolutionConfigurationPlatforms) = preSolution
		Debug|Any CPU = Debug|Any CPU
		Release|Any CPU = Release|Any CPU
	EndGlobalSection
	GlobalSection(ProjectConfigurationPlatforms) = postSolution
		{CED8F73D-19BF-4E69-8951-472868232739}.Debug|Any CPU.ActiveCfg = Debug|Any CPU
		{CED8F73D-19BF-4E69-8951-472868232739}.Debug|Any CPU.Build.0 = Debug|Any CPU
		{CED8F73D-19BF-4E69-8951-472868232739}.Release|Any CPU.ActiveCfg = Release|Any CPU
		{CED8F73D-19BF-4E69-8951-472868232739}.Release|Any CPU.Build.0 = Release|Any CPU
	EndGlobalSection
	GlobalSection(SolutionProperties) = preSolution
		HideSolutionNode = FALSE
	EndGlobalSection
	GlobalSection(ExtensibilityGlobals) = postSolution
		SolutionGuid = {C95E6D62-209A-43A9-A1F9-920B516C7FD6}
	EndGlobalSection
EndGlobal
